
Microsoft Visual Studio Solution File, Format Version 12.00
# Visual Studio 14
VisualStudioVersion = 14.0.25420.1
MinimumVisualStudioVersion = 10.0.40219.1
Project("{FAE04EC0-301F-11D3-BF4B-00C04F79EFBC}") = "HWL.Test", "HWL.Test\HWL.Test.csproj", "{DF5E93F7-5BCB-4B8D-B3A7-8C579F8CBFF3}"
EndProject
Project("{FAE04EC0-301F-11D3-BF4B-00C04F79EFBC}") = "HWL.API", "HWL.API\HWL.API.csproj", "{DC81D476-FAD4-4056-99AE-06D65980F288}"
EndProject
Project("{FAE04EC0-301F-11D3-BF4B-00C04F79EFBC}") = "HWL.Service", "HWL.Service\HWL.Service.csproj", "{7E2E78BE-A30F-463D-A00D-B6BD53441479}"
EndProject
Project("{FAE04EC0-301F-11D3-BF4B-00C04F79EFBC}") = "HWL.Entity", "HWL.Entity\HWL.Entity.csproj", "{872CEEE4-49C1-45AC-905F-8EFBD66F1B5A}"
EndProject
Project("{2150E333-8FDC-42A3-9474-1A3956D46DE8}") = "NOTE", "NOTE", "{5BA174E1-C2B4-44F7-9ADB-0351188DDE46}"
	ProjectSection(SolutionItems) = preProject
		rec.txt = rec.txt
	EndProjectSection
EndProject
Project("{2150E333-8FDC-42A3-9474-1A3956D46DE8}") = "DBScript", "DBScript", "{4EBF2018-0FB2-47A3-86F2-61AB078BF7FF}"
	ProjectSection(SolutionItems) = preProject
		..\..\..\work doc\hwl\db\hwl20180112.sql = ..\..\..\work doc\hwl\db\hwl20180112.sql
		..\..\..\work doc\hwl\db\hwl20180112.txt = ..\..\..\work doc\hwl\db\hwl20180112.txt
	EndProjectSection
EndProject
Project("{FAE04EC0-301F-11D3-BF4B-00C04F79EFBC}") = "HWL.Tools", "HWL.Tools\HWL.Tools.csproj", "{2ED308F8-7376-4A12-B797-00DB016D6781}"
EndProject
Global
	GlobalSection(SolutionConfigurationPlatforms) = preSolution
		Debug|Any CPU = Debug|Any CPU
		Release|Any CPU = Release|Any CPU
	EndGlobalSection
	GlobalSection(ProjectConfigurationPlatforms) = postSolution
		{DF5E93F7-5BCB-4B8D-B3A7-8C579F8CBFF3}.Debug|Any CPU.ActiveCfg = Debug|Any CPU
		{DF5E93F7-5BCB-4B8D-B3A7-8C579F8CBFF3}.Debug|Any CPU.Build.0 = Debug|Any CPU
		{DF5E93F7-5BCB-4B8D-B3A7-8C579F8CBFF3}.Release|Any CPU.ActiveCfg = Release|Any CPU
		{DF5E93F7-5BCB-4B8D-B3A7-8C579F8CBFF3}.Release|Any CPU.Build.0 = Release|Any CPU
		{DC81D476-FAD4-4056-99AE-06D65980F288}.Debug|Any CPU.ActiveCfg = Debug|Any CPU
		{DC81D476-FAD4-4056-99AE-06D65980F288}.Debug|Any CPU.Build.0 = Debug|Any CPU
		{DC81D476-FAD4-4056-99AE-06D65980F288}.Release|Any CPU.ActiveCfg = Release|Any CPU
		{DC81D476-FAD4-4056-99AE-06D65980F288}.Release|Any CPU.Build.0 = Release|Any CPU
		{7E2E78BE-A30F-463D-A00D-B6BD53441479}.Debug|Any CPU.ActiveCfg = Debug|Any CPU
		{7E2E78BE-A30F-463D-A00D-B6BD53441479}.Debug|Any CPU.Build.0 = Debug|Any CPU
		{7E2E78BE-A30F-463D-A00D-B6BD53441479}.Release|Any CPU.ActiveCfg = Release|Any CPU
		{7E2E78BE-A30F-463D-A00D-B6BD53441479}.Release|Any CPU.Build.0 = Release|Any CPU
		{872CEEE4-49C1-45AC-905F-8EFBD66F1B5A}.Debug|Any CPU.ActiveCfg = Debug|Any CPU
		{872CEEE4-49C1-45AC-905F-8EFBD66F1B5A}.Debug|Any CPU.Build.0 = Debug|Any CPU
		{872CEEE4-49C1-45AC-905F-8EFBD66F1B5A}.Release|Any CPU.ActiveCfg = Release|Any CPU
		{872CEEE4-49C1-45AC-905F-8EFBD66F1B5A}.Release|Any CPU.Build.0 = Release|Any CPU
		{2ED308F8-7376-4A12-B797-00DB016D6781}.Debug|Any CPU.ActiveCfg = Debug|Any CPU
		{2ED308F8-7376-4A12-B797-00DB016D6781}.Debug|Any CPU.Build.0 = Debug|Any CPU
		{2ED308F8-7376-4A12-B797-00DB016D6781}.Release|Any CPU.ActiveCfg = Release|Any CPU
		{2ED308F8-7376-4A12-B797-00DB016D6781}.Release|Any CPU.Build.0 = Release|Any CPU
	EndGlobalSection
	GlobalSection(SolutionProperties) = preSolution
		HideSolutionNode = FALSE
	EndGlobalSection
EndGlobal
