
Microsoft Visual Studio Solution File, Format Version 12.00
# Visual Studio 14
VisualStudioVersion = 14.0.25420.1
MinimumVisualStudioVersion = 10.0.40219.1
Project("{FAE04EC0-301F-11D3-BF4B-00C04F79EFBC}") = "HWL.API", "HWL.API\HWL.API.csproj", "{DC81D476-FAD4-4056-99AE-06D65980F288}"
EndProject
Project("{FAE04EC0-301F-11D3-BF4B-00C04F79EFBC}") = "HWL.Service", "HWL.Service\HWL.Service.csproj", "{7E2E78BE-A30F-463D-A00D-B6BD53441479}"
EndProject
Project("{FAE04EC0-301F-11D3-BF4B-00C04F79EFBC}") = "HWL.Entity", "HWL.Entity\HWL.Entity.csproj", "{872CEEE4-49C1-45AC-905F-8EFBD66F1B5A}"
EndProject
Project("{2150E333-8FDC-42A3-9474-1A3956D46DE8}") = "NOTE", "NOTE", "{5BA174E1-C2B4-44F7-9ADB-0351188DDE46}"
	ProjectSection(SolutionItems) = preProject
		chat.txt = chat.txt
		firstend.txt = firstend.txt
		rec.txt = rec.txt
	EndProjectSection
EndProject
Project("{FAE04EC0-301F-11D3-BF4B-00C04F79EFBC}") = "HWL.Tools", "HWL.Tools\HWL.Tools.csproj", "{2ED308F8-7376-4A12-B797-00DB016D6781}"
EndProject
Project("{FAE04EC0-301F-11D3-BF4B-00C04F79EFBC}") = "HWL.Redis", "HWL.Redis\HWL.Redis.csproj", "{114F979C-C371-4B28-81CA-05C4D68BB466}"
EndProject
Project("{FAE04EC0-301F-11D3-BF4B-00C04F79EFBC}") = "HWL.Resx", "HWL.Resx\HWL.Resx.csproj", "{01C6AFB8-01A2-4592-884D-9D58E4BB8420}"
EndProject
Project("{FAE04EC0-301F-11D3-BF4B-00C04F79EFBC}") = "HWL.MQGroupDistribute", "HWL.MQGroupDistribute\HWL.MQGroupDistribute.csproj", "{8B54AD42-D22A-4C8E-A02C-6C2C0567ABD9}"
EndProject
Project("{FAE04EC0-301F-11D3-BF4B-00C04F79EFBC}") = "HWL.RabbitMQ", "HWL.RabbitMQ\HWL.RabbitMQ.csproj", "{2C189826-F491-4840-8072-C187BB24262C}"
EndProject
Project("{2150E333-8FDC-42A3-9474-1A3956D46DE8}") = "MQ", "MQ", "{B4850128-1C01-40FD-A7FF-3409E3566199}"
EndProject
Project("{FAE04EC0-301F-11D3-BF4B-00C04F79EFBC}") = "HWL.Unit", "HWL.Unit\HWL.Unit.csproj", "{2152C9CF-33D0-4CBF-A5EB-544E78460AA1}"
EndProject
Project("{FAE04EC0-301F-11D3-BF4B-00C04F79EFBC}") = "HWL.Manage", "HWL.Manage\HWL.Manage.csproj", "{1B395DC0-B09D-4D98-88F0-264FB794420F}"
EndProject
Project("{FAE04EC0-301F-11D3-BF4B-00C04F79EFBC}") = "HWL.Manage.Service", "HWL.Manage.Service\HWL.Manage.Service.csproj", "{979DCC77-6F4E-4E6E-9616-F187E39F2196}"
EndProject
Project("{2150E333-8FDC-42A3-9474-1A3956D46DE8}") = "Manage", "Manage", "{40AC74A0-8ACB-4987-BFFC-E68CDFDA83B2}"
EndProject
Project("{2150E333-8FDC-42A3-9474-1A3956D46DE8}") = "Common", "Common", "{0F9A7B2A-6C86-4307-984E-C6970447C73A}"
EndProject
Global
	GlobalSection(SolutionConfigurationPlatforms) = preSolution
		Debug|Any CPU = Debug|Any CPU
		Release|Any CPU = Release|Any CPU
	EndGlobalSection
	GlobalSection(ProjectConfigurationPlatforms) = postSolution
		{DC81D476-FAD4-4056-99AE-06D65980F288}.Debug|Any CPU.ActiveCfg = Debug|Any CPU
		{DC81D476-FAD4-4056-99AE-06D65980F288}.Debug|Any CPU.Build.0 = Debug|Any CPU
		{DC81D476-FAD4-4056-99AE-06D65980F288}.Release|Any CPU.ActiveCfg = Release|Any CPU
		{DC81D476-FAD4-4056-99AE-06D65980F288}.Release|Any CPU.Build.0 = Release|Any CPU
		{7E2E78BE-A30F-463D-A00D-B6BD53441479}.Debug|Any CPU.ActiveCfg = Debug|Any CPU
		{7E2E78BE-A30F-463D-A00D-B6BD53441479}.Debug|Any CPU.Build.0 = Debug|Any CPU
		{7E2E78BE-A30F-463D-A00D-B6BD53441479}.Release|Any CPU.ActiveCfg = Release|Any CPU
		{7E2E78BE-A30F-463D-A00D-B6BD53441479}.Release|Any CPU.Build.0 = Release|Any CPU
		{872CEEE4-49C1-45AC-905F-8EFBD66F1B5A}.Debug|Any CPU.ActiveCfg = Debug|Any CPU
		{872CEEE4-49C1-45AC-905F-8EFBD66F1B5A}.Debug|Any CPU.Build.0 = Debug|Any CPU
		{872CEEE4-49C1-45AC-905F-8EFBD66F1B5A}.Release|Any CPU.ActiveCfg = Release|Any CPU
		{872CEEE4-49C1-45AC-905F-8EFBD66F1B5A}.Release|Any CPU.Build.0 = Release|Any CPU
		{2ED308F8-7376-4A12-B797-00DB016D6781}.Debug|Any CPU.ActiveCfg = Debug|Any CPU
		{2ED308F8-7376-4A12-B797-00DB016D6781}.Debug|Any CPU.Build.0 = Debug|Any CPU
		{2ED308F8-7376-4A12-B797-00DB016D6781}.Release|Any CPU.ActiveCfg = Release|Any CPU
		{2ED308F8-7376-4A12-B797-00DB016D6781}.Release|Any CPU.Build.0 = Release|Any CPU
		{114F979C-C371-4B28-81CA-05C4D68BB466}.Debug|Any CPU.ActiveCfg = Debug|Any CPU
		{114F979C-C371-4B28-81CA-05C4D68BB466}.Debug|Any CPU.Build.0 = Debug|Any CPU
		{114F979C-C371-4B28-81CA-05C4D68BB466}.Release|Any CPU.ActiveCfg = Release|Any CPU
		{114F979C-C371-4B28-81CA-05C4D68BB466}.Release|Any CPU.Build.0 = Release|Any CPU
		{01C6AFB8-01A2-4592-884D-9D58E4BB8420}.Debug|Any CPU.ActiveCfg = Debug|Any CPU
		{01C6AFB8-01A2-4592-884D-9D58E4BB8420}.Debug|Any CPU.Build.0 = Debug|Any CPU
		{01C6AFB8-01A2-4592-884D-9D58E4BB8420}.Release|Any CPU.ActiveCfg = Release|Any CPU
		{01C6AFB8-01A2-4592-884D-9D58E4BB8420}.Release|Any CPU.Build.0 = Release|Any CPU
		{8B54AD42-D22A-4C8E-A02C-6C2C0567ABD9}.Debug|Any CPU.ActiveCfg = Debug|Any CPU
		{8B54AD42-D22A-4C8E-A02C-6C2C0567ABD9}.Debug|Any CPU.Build.0 = Debug|Any CPU
		{8B54AD42-D22A-4C8E-A02C-6C2C0567ABD9}.Release|Any CPU.ActiveCfg = Release|Any CPU
		{8B54AD42-D22A-4C8E-A02C-6C2C0567ABD9}.Release|Any CPU.Build.0 = Release|Any CPU
		{2C189826-F491-4840-8072-C187BB24262C}.Debug|Any CPU.ActiveCfg = Debug|Any CPU
		{2C189826-F491-4840-8072-C187BB24262C}.Debug|Any CPU.Build.0 = Debug|Any CPU
		{2C189826-F491-4840-8072-C187BB24262C}.Release|Any CPU.ActiveCfg = Release|Any CPU
		{2C189826-F491-4840-8072-C187BB24262C}.Release|Any CPU.Build.0 = Release|Any CPU
		{2152C9CF-33D0-4CBF-A5EB-544E78460AA1}.Debug|Any CPU.ActiveCfg = Debug|Any CPU
		{2152C9CF-33D0-4CBF-A5EB-544E78460AA1}.Debug|Any CPU.Build.0 = Debug|Any CPU
		{2152C9CF-33D0-4CBF-A5EB-544E78460AA1}.Release|Any CPU.ActiveCfg = Release|Any CPU
		{2152C9CF-33D0-4CBF-A5EB-544E78460AA1}.Release|Any CPU.Build.0 = Release|Any CPU
		{1B395DC0-B09D-4D98-88F0-264FB794420F}.Debug|Any CPU.ActiveCfg = Debug|Any CPU
		{1B395DC0-B09D-4D98-88F0-264FB794420F}.Debug|Any CPU.Build.0 = Debug|Any CPU
		{1B395DC0-B09D-4D98-88F0-264FB794420F}.Release|Any CPU.ActiveCfg = Release|Any CPU
		{1B395DC0-B09D-4D98-88F0-264FB794420F}.Release|Any CPU.Build.0 = Release|Any CPU
		{979DCC77-6F4E-4E6E-9616-F187E39F2196}.Debug|Any CPU.ActiveCfg = Debug|Any CPU
		{979DCC77-6F4E-4E6E-9616-F187E39F2196}.Debug|Any CPU.Build.0 = Debug|Any CPU
		{979DCC77-6F4E-4E6E-9616-F187E39F2196}.Release|Any CPU.ActiveCfg = Release|Any CPU
		{979DCC77-6F4E-4E6E-9616-F187E39F2196}.Release|Any CPU.Build.0 = Release|Any CPU
	EndGlobalSection
	GlobalSection(SolutionProperties) = preSolution
		HideSolutionNode = FALSE
	EndGlobalSection
	GlobalSection(NestedProjects) = preSolution
		{872CEEE4-49C1-45AC-905F-8EFBD66F1B5A} = {0F9A7B2A-6C86-4307-984E-C6970447C73A}
		{2ED308F8-7376-4A12-B797-00DB016D6781} = {0F9A7B2A-6C86-4307-984E-C6970447C73A}
		{114F979C-C371-4B28-81CA-05C4D68BB466} = {0F9A7B2A-6C86-4307-984E-C6970447C73A}
		{8B54AD42-D22A-4C8E-A02C-6C2C0567ABD9} = {B4850128-1C01-40FD-A7FF-3409E3566199}
		{2C189826-F491-4840-8072-C187BB24262C} = {B4850128-1C01-40FD-A7FF-3409E3566199}
		{1B395DC0-B09D-4D98-88F0-264FB794420F} = {40AC74A0-8ACB-4987-BFFC-E68CDFDA83B2}
		{979DCC77-6F4E-4E6E-9616-F187E39F2196} = {40AC74A0-8ACB-4987-BFFC-E68CDFDA83B2}
	EndGlobalSection
EndGlobal
